
Microsoft Visual Studio Solution File, Format Version 12.00
# Visual Studio 14
VisualStudioVersion = 14.0.24720.0
MinimumVisualStudioVersion = 10.0.40219.1
Project("{262852C6-CD72-467D-83FE-5EEB1973A190}") = "voITex_mobileApp", "voITex\voITex_mobileApp.jsproj", "{4BCB807E-8AE2-457F-9155-B3A7BF33DCF1}"
EndProject
Project("{262852C6-CD72-467D-83FE-5EEB1973A190}") = "voITex_server", "voITex_server\voITex_server.jsproj", "{835B115F-1CDD-4EE6-8CE4-0FF818AC5BE3}"
EndProject
Global
	GlobalSection(SolutionConfigurationPlatforms) = preSolution
		Debug|Android = Debug|Android
		Debug|Any CPU = Debug|Any CPU
		Debug|ARM = Debug|ARM
		Debug|iOS = Debug|iOS
		Debug|Windows Phone (Universal) = Debug|Windows Phone (Universal)
		Debug|Windows Phone 8 = Debug|Windows Phone 8
		Debug|Windows-AnyCPU = Debug|Windows-AnyCPU
		Debug|Windows-ARM = Debug|Windows-ARM
		Debug|Windows-x64 = Debug|Windows-x64
		Debug|Windows-x86 = Debug|Windows-x86
		Debug|x64 = Debug|x64
		Debug|x86 = Debug|x86
		Release|Android = Release|Android
		Release|Any CPU = Release|Any CPU
		Release|ARM = Release|ARM
		Release|iOS = Release|iOS
		Release|Windows Phone (Universal) = Release|Windows Phone (Universal)
		Release|Windows Phone 8 = Release|Windows Phone 8
		Release|Windows-AnyCPU = Release|Windows-AnyCPU
		Release|Windows-ARM = Release|Windows-ARM
		Release|Windows-x64 = Release|Windows-x64
		Release|Windows-x86 = Release|Windows-x86
		Release|x64 = Release|x64
		Release|x86 = Release|x86
	EndGlobalSection
	GlobalSection(ProjectConfigurationPlatforms) = postSolution
		{4BCB807E-8AE2-457F-9155-B3A7BF33DCF1}.Debug|Android.ActiveCfg = Debug|Android
		{4BCB807E-8AE2-457F-9155-B3A7BF33DCF1}.Debug|Android.Build.0 = Debug|Android
		{4BCB807E-8AE2-457F-9155-B3A7BF33DCF1}.Debug|Android.Deploy.0 = Debug|Android
		{4BCB807E-8AE2-457F-9155-B3A7BF33DCF1}.Debug|Any CPU.ActiveCfg = Debug|Android
		{4BCB807E-8AE2-457F-9155-B3A7BF33DCF1}.Debug|ARM.ActiveCfg = Debug|Windows-ARM
		{4BCB807E-8AE2-457F-9155-B3A7BF33DCF1}.Debug|iOS.ActiveCfg = Debug|iOS
		{4BCB807E-8AE2-457F-9155-B3A7BF33DCF1}.Debug|iOS.Build.0 = Debug|iOS
		{4BCB807E-8AE2-457F-9155-B3A7BF33DCF1}.Debug|iOS.Deploy.0 = Debug|iOS
		{4BCB807E-8AE2-457F-9155-B3A7BF33DCF1}.Debug|Windows Phone (Universal).ActiveCfg = Debug|Windows Phone (Universal)
		{4BCB807E-8AE2-457F-9155-B3A7BF33DCF1}.Debug|Windows Phone (Universal).Build.0 = Debug|Windows Phone (Universal)
		{4BCB807E-8AE2-457F-9155-B3A7BF33DCF1}.Debug|Windows Phone (Universal).Deploy.0 = Debug|Windows Phone (Universal)
		{4BCB807E-8AE2-457F-9155-B3A7BF33DCF1}.Debug|Windows Phone 8.ActiveCfg = Debug|Windows Phone 8
		{4BCB807E-8AE2-457F-9155-B3A7BF33DCF1}.Debug|Windows Phone 8.Build.0 = Debug|Windows Phone 8
		{4BCB807E-8AE2-457F-9155-B3A7BF33DCF1}.Debug|Windows Phone 8.Deploy.0 = Debug|Windows Phone 8
		{4BCB807E-8AE2-457F-9155-B3A7BF33DCF1}.Debug|Windows-AnyCPU.ActiveCfg = Debug|Windows-AnyCPU
		{4BCB807E-8AE2-457F-9155-B3A7BF33DCF1}.Debug|Windows-AnyCPU.Build.0 = Debug|Windows-AnyCPU
		{4BCB807E-8AE2-457F-9155-B3A7BF33DCF1}.Debug|Windows-AnyCPU.Deploy.0 = Debug|Windows-AnyCPU
		{4BCB807E-8AE2-457F-9155-B3A7BF33DCF1}.Debug|Windows-ARM.ActiveCfg = Debug|Windows-ARM
		{4BCB807E-8AE2-457F-9155-B3A7BF33DCF1}.Debug|Windows-ARM.Build.0 = Debug|Windows-ARM
		{4BCB807E-8AE2-457F-9155-B3A7BF33DCF1}.Debug|Windows-ARM.Deploy.0 = Debug|Windows-ARM
		{4BCB807E-8AE2-457F-9155-B3A7BF33DCF1}.Debug|Windows-x64.ActiveCfg = Debug|Windows-x64
		{4BCB807E-8AE2-457F-9155-B3A7BF33DCF1}.Debug|Windows-x64.Build.0 = Debug|Windows-x64
		{4BCB807E-8AE2-457F-9155-B3A7BF33DCF1}.Debug|Windows-x64.Deploy.0 = Debug|Windows-x64
		{4BCB807E-8AE2-457F-9155-B3A7BF33DCF1}.Debug|Windows-x86.ActiveCfg = Debug|Windows-x86
		{4BCB807E-8AE2-457F-9155-B3A7BF33DCF1}.Debug|Windows-x86.Build.0 = Debug|Windows-x86
		{4BCB807E-8AE2-457F-9155-B3A7BF33DCF1}.Debug|Windows-x86.Deploy.0 = Debug|Windows-x86
		{4BCB807E-8AE2-457F-9155-B3A7BF33DCF1}.Debug|x64.ActiveCfg = Debug|Windows-x64
		{4BCB807E-8AE2-457F-9155-B3A7BF33DCF1}.Debug|x86.ActiveCfg = Debug|Windows-x86
		{4BCB807E-8AE2-457F-9155-B3A7BF33DCF1}.Release|Android.ActiveCfg = Release|Android
		{4BCB807E-8AE2-457F-9155-B3A7BF33DCF1}.Release|Android.Build.0 = Release|Android
		{4BCB807E-8AE2-457F-9155-B3A7BF33DCF1}.Release|Android.Deploy.0 = Release|Android
		{4BCB807E-8AE2-457F-9155-B3A7BF33DCF1}.Release|Any CPU.ActiveCfg = Release|Android
		{4BCB807E-8AE2-457F-9155-B3A7BF33DCF1}.Release|ARM.ActiveCfg = Release|Windows-ARM
		{4BCB807E-8AE2-457F-9155-B3A7BF33DCF1}.Release|iOS.ActiveCfg = Release|iOS
		{4BCB807E-8AE2-457F-9155-B3A7BF33DCF1}.Release|iOS.Build.0 = Release|iOS
		{4BCB807E-8AE2-457F-9155-B3A7BF33DCF1}.Release|iOS.Deploy.0 = Release|iOS
		{4BCB807E-8AE2-457F-9155-B3A7BF33DCF1}.Release|Windows Phone (Universal).ActiveCfg = Release|Windows Phone (Universal)
		{4BCB807E-8AE2-457F-9155-B3A7BF33DCF1}.Release|Windows Phone (Universal).Build.0 = Release|Windows Phone (Universal)
		{4BCB807E-8AE2-457F-9155-B3A7BF33DCF1}.Release|Windows Phone (Universal).Deploy.0 = Release|Windows Phone (Universal)
		{4BCB807E-8AE2-457F-9155-B3A7BF33DCF1}.Release|Windows Phone 8.ActiveCfg = Release|Windows Phone 8
		{4BCB807E-8AE2-457F-9155-B3A7BF33DCF1}.Release|Windows Phone 8.Build.0 = Release|Windows Phone 8
		{4BCB807E-8AE2-457F-9155-B3A7BF33DCF1}.Release|Windows Phone 8.Deploy.0 = Release|Windows Phone 8
		{4BCB807E-8AE2-457F-9155-B3A7BF33DCF1}.Release|Windows-AnyCPU.ActiveCfg = Release|Windows-AnyCPU
		{4BCB807E-8AE2-457F-9155-B3A7BF33DCF1}.Release|Windows-AnyCPU.Build.0 = Release|Windows-AnyCPU
		{4BCB807E-8AE2-457F-9155-B3A7BF33DCF1}.Release|Windows-AnyCPU.Deploy.0 = Release|Windows-AnyCPU
		{4BCB807E-8AE2-457F-9155-B3A7BF33DCF1}.Release|Windows-ARM.ActiveCfg = Release|Windows-ARM
		{4BCB807E-8AE2-457F-9155-B3A7BF33DCF1}.Release|Windows-ARM.Build.0 = Release|Windows-ARM
		{4BCB807E-8AE2-457F-9155-B3A7BF33DCF1}.Release|Windows-ARM.Deploy.0 = Release|Windows-ARM
		{4BCB807E-8AE2-457F-9155-B3A7BF33DCF1}.Release|Windows-x64.ActiveCfg = Release|Windows-x64
		{4BCB807E-8AE2-457F-9155-B3A7BF33DCF1}.Release|Windows-x64.Build.0 = Release|Windows-x64
		{4BCB807E-8AE2-457F-9155-B3A7BF33DCF1}.Release|Windows-x64.Deploy.0 = Release|Windows-x64
		{4BCB807E-8AE2-457F-9155-B3A7BF33DCF1}.Release|Windows-x86.ActiveCfg = Release|Windows-x86
		{4BCB807E-8AE2-457F-9155-B3A7BF33DCF1}.Release|Windows-x86.Build.0 = Release|Windows-x86
		{4BCB807E-8AE2-457F-9155-B3A7BF33DCF1}.Release|Windows-x86.Deploy.0 = Release|Windows-x86
		{4BCB807E-8AE2-457F-9155-B3A7BF33DCF1}.Release|x64.ActiveCfg = Release|Windows-x64
		{4BCB807E-8AE2-457F-9155-B3A7BF33DCF1}.Release|x86.ActiveCfg = Release|Windows-x86
		{835B115F-1CDD-4EE6-8CE4-0FF818AC5BE3}.Debug|Android.ActiveCfg = Debug|Android
		{835B115F-1CDD-4EE6-8CE4-0FF818AC5BE3}.Debug|Android.Build.0 = Debug|Android
		{835B115F-1CDD-4EE6-8CE4-0FF818AC5BE3}.Debug|Android.Deploy.0 = Debug|Android
		{835B115F-1CDD-4EE6-8CE4-0FF818AC5BE3}.Debug|Any CPU.ActiveCfg = Debug|Android
		{835B115F-1CDD-4EE6-8CE4-0FF818AC5BE3}.Debug|ARM.ActiveCfg = Debug|Windows-ARM
		{835B115F-1CDD-4EE6-8CE4-0FF818AC5BE3}.Debug|iOS.ActiveCfg = Debug|iOS
		{835B115F-1CDD-4EE6-8CE4-0FF818AC5BE3}.Debug|iOS.Build.0 = Debug|iOS
		{835B115F-1CDD-4EE6-8CE4-0FF818AC5BE3}.Debug|iOS.Deploy.0 = Debug|iOS
		{835B115F-1CDD-4EE6-8CE4-0FF818AC5BE3}.Debug|Windows Phone (Universal).ActiveCfg = Debug|Windows Phone (Universal)
		{835B115F-1CDD-4EE6-8CE4-0FF818AC5BE3}.Debug|Windows Phone (Universal).Build.0 = Debug|Windows Phone (Universal)
		{835B115F-1CDD-4EE6-8CE4-0FF818AC5BE3}.Debug|Windows Phone (Universal).Deploy.0 = Debug|Windows Phone (Universal)
		{835B115F-1CDD-4EE6-8CE4-0FF818AC5BE3}.Debug|Windows Phone 8.ActiveCfg = Debug|Windows Phone 8
		{835B115F-1CDD-4EE6-8CE4-0FF818AC5BE3}.Debug|Windows Phone 8.Build.0 = Debug|Windows Phone 8
		{835B115F-1CDD-4EE6-8CE4-0FF818AC5BE3}.Debug|Windows Phone 8.Deploy.0 = Debug|Windows Phone 8
		{835B115F-1CDD-4EE6-8CE4-0FF818AC5BE3}.Debug|Windows-AnyCPU.ActiveCfg = Debug|Windows-AnyCPU
		{835B115F-1CDD-4EE6-8CE4-0FF818AC5BE3}.Debug|Windows-AnyCPU.Build.0 = Debug|Windows-AnyCPU
		{835B115F-1CDD-4EE6-8CE4-0FF818AC5BE3}.Debug|Windows-AnyCPU.Deploy.0 = Debug|Windows-AnyCPU
		{835B115F-1CDD-4EE6-8CE4-0FF818AC5BE3}.Debug|Windows-ARM.ActiveCfg = Debug|Windows-ARM
		{835B115F-1CDD-4EE6-8CE4-0FF818AC5BE3}.Debug|Windows-ARM.Build.0 = Debug|Windows-ARM
		{835B115F-1CDD-4EE6-8CE4-0FF818AC5BE3}.Debug|Windows-ARM.Deploy.0 = Debug|Windows-ARM
		{835B115F-1CDD-4EE6-8CE4-0FF818AC5BE3}.Debug|Windows-x64.ActiveCfg = Debug|Windows-x64
		{835B115F-1CDD-4EE6-8CE4-0FF818AC5BE3}.Debug|Windows-x64.Build.0 = Debug|Windows-x64
		{835B115F-1CDD-4EE6-8CE4-0FF818AC5BE3}.Debug|Windows-x64.Deploy.0 = Debug|Windows-x64
		{835B115F-1CDD-4EE6-8CE4-0FF818AC5BE3}.Debug|Windows-x86.ActiveCfg = Debug|Windows-x86
		{835B115F-1CDD-4EE6-8CE4-0FF818AC5BE3}.Debug|Windows-x86.Build.0 = Debug|Windows-x86
		{835B115F-1CDD-4EE6-8CE4-0FF818AC5BE3}.Debug|Windows-x86.Deploy.0 = Debug|Windows-x86
		{835B115F-1CDD-4EE6-8CE4-0FF818AC5BE3}.Debug|x64.ActiveCfg = Debug|Windows-x64
		{835B115F-1CDD-4EE6-8CE4-0FF818AC5BE3}.Debug|x86.ActiveCfg = Debug|Windows-x86
		{835B115F-1CDD-4EE6-8CE4-0FF818AC5BE3}.Release|Android.ActiveCfg = Release|Android
		{835B115F-1CDD-4EE6-8CE4-0FF818AC5BE3}.Release|Android.Build.0 = Release|Android
		{835B115F-1CDD-4EE6-8CE4-0FF818AC5BE3}.Release|Android.Deploy.0 = Release|Android
		{835B115F-1CDD-4EE6-8CE4-0FF818AC5BE3}.Release|Any CPU.ActiveCfg = Release|Android
		{835B115F-1CDD-4EE6-8CE4-0FF818AC5BE3}.Release|ARM.ActiveCfg = Release|Windows-ARM
		{835B115F-1CDD-4EE6-8CE4-0FF818AC5BE3}.Release|iOS.ActiveCfg = Release|iOS
		{835B115F-1CDD-4EE6-8CE4-0FF818AC5BE3}.Release|iOS.Build.0 = Release|iOS
		{835B115F-1CDD-4EE6-8CE4-0FF818AC5BE3}.Release|iOS.Deploy.0 = Release|iOS
		{835B115F-1CDD-4EE6-8CE4-0FF818AC5BE3}.Release|Windows Phone (Universal).ActiveCfg = Release|Windows Phone (Universal)
		{835B115F-1CDD-4EE6-8CE4-0FF818AC5BE3}.Release|Windows Phone (Universal).Build.0 = Release|Windows Phone (Universal)
		{835B115F-1CDD-4EE6-8CE4-0FF818AC5BE3}.Release|Windows Phone (Universal).Deploy.0 = Release|Windows Phone (Universal)
		{835B115F-1CDD-4EE6-8CE4-0FF818AC5BE3}.Release|Windows Phone 8.ActiveCfg = Release|Windows Phone 8
		{835B115F-1CDD-4EE6-8CE4-0FF818AC5BE3}.Release|Windows Phone 8.Build.0 = Release|Windows Phone 8
		{835B115F-1CDD-4EE6-8CE4-0FF818AC5BE3}.Release|Windows Phone 8.Deploy.0 = Release|Windows Phone 8
		{835B115F-1CDD-4EE6-8CE4-0FF818AC5BE3}.Release|Windows-AnyCPU.ActiveCfg = Release|Windows-AnyCPU
		{835B115F-1CDD-4EE6-8CE4-0FF818AC5BE3}.Release|Windows-AnyCPU.Build.0 = Release|Windows-AnyCPU
		{835B115F-1CDD-4EE6-8CE4-0FF818AC5BE3}.Release|Windows-AnyCPU.Deploy.0 = Release|Windows-AnyCPU
		{835B115F-1CDD-4EE6-8CE4-0FF818AC5BE3}.Release|Windows-ARM.ActiveCfg = Release|Windows-ARM
		{835B115F-1CDD-4EE6-8CE4-0FF818AC5BE3}.Release|Windows-ARM.Build.0 = Release|Windows-ARM
		{835B115F-1CDD-4EE6-8CE4-0FF818AC5BE3}.Release|Windows-ARM.Deploy.0 = Release|Windows-ARM
		{835B115F-1CDD-4EE6-8CE4-0FF818AC5BE3}.Release|Windows-x64.ActiveCfg = Release|Windows-x64
		{835B115F-1CDD-4EE6-8CE4-0FF818AC5BE3}.Release|Windows-x64.Build.0 = Release|Windows-x64
		{835B115F-1CDD-4EE6-8CE4-0FF818AC5BE3}.Release|Windows-x64.Deploy.0 = Release|Windows-x64
		{835B115F-1CDD-4EE6-8CE4-0FF818AC5BE3}.Release|Windows-x86.ActiveCfg = Release|Windows-x86
		{835B115F-1CDD-4EE6-8CE4-0FF818AC5BE3}.Release|Windows-x86.Build.0 = Release|Windows-x86
		{835B115F-1CDD-4EE6-8CE4-0FF818AC5BE3}.Release|Windows-x86.Deploy.0 = Release|Windows-x86
		{835B115F-1CDD-4EE6-8CE4-0FF818AC5BE3}.Release|x64.ActiveCfg = Release|Windows-x64
		{835B115F-1CDD-4EE6-8CE4-0FF818AC5BE3}.Release|x86.ActiveCfg = Release|Windows-x86
	EndGlobalSection
	GlobalSection(SolutionProperties) = preSolution
		HideSolutionNode = FALSE
	EndGlobalSection
EndGlobal
